
Microsoft Visual Studio Solution File, Format Version 12.00
# Visual Studio Version 16
VisualStudioVersion = 16.0.31229.75
MinimumVisualStudioVersion = 10.0.40219.1
Project("{8BC9CEB8-8B4A-11D0-8D11-00A0C91BC942}") = "Heroes of Might and Magic", "Heroes of Might and Magic.vcxproj", "{405061D2-176E-498B-BF87-B0BF28F02917}"
EndProject
Global
	GlobalSection(SolutionConfigurationPlatforms) = preSolution
		Debug|x64 = Debug|x64
		Debug|x86 = Debug|x86
		Release|x64 = Release|x64
		Release|x86 = Release|x86
	EndGlobalSection
	GlobalSection(ProjectConfigurationPlatforms) = postSolution
		{405061D2-176E-498B-BF87-B0BF28F02917}.Debug|x64.ActiveCfg = Debug|x64
		{405061D2-176E-498B-BF87-B0BF28F02917}.Debug|x64.Build.0 = Debug|x64
		{405061D2-176E-498B-BF87-B0BF28F02917}.Debug|x86.ActiveCfg = Debug|Win32
		{405061D2-176E-498B-BF87-B0BF28F02917}.Debug|x86.Build.0 = Debug|Win32
		{405061D2-176E-498B-BF87-B0BF28F02917}.Release|x64.ActiveCfg = Release|x64
		{405061D2-176E-498B-BF87-B0BF28F02917}.Release|x64.Build.0 = Release|x64
		{405061D2-176E-498B-BF87-B0BF28F02917}.Release|x86.ActiveCfg = Release|Win32
		{405061D2-176E-498B-BF87-B0BF28F02917}.Release|x86.Build.0 = Release|Win32
	EndGlobalSection
	GlobalSection(SolutionProperties) = preSolution
		HideSolutionNode = FALSE
	EndGlobalSection
	GlobalSection(ExtensibilityGlobals) = postSolution
		SolutionGuid = {AFC47957-C785-4229-9F48-ACEF4FF7B86A}
	EndGlobalSection
EndGlobal
